// !$*UTF8*$!
{
	archiveVersion = 1;
	classes = {
	};
	objectVersion = 55;
	objects = {

/* Begin PBXBuildFile section */
		E03BAEA2292740FA009D9C08 /* AppDelegate.swift in Sources */ = {isa = PBXBuildFile; fileRef = E03BAEA1292740FA009D9C08 /* AppDelegate.swift */; };
		E03BAEA4292740FA009D9C08 /* SceneDelegate.swift in Sources */ = {isa = PBXBuildFile; fileRef = E03BAEA3292740FA009D9C08 /* SceneDelegate.swift */; };
		E03BAEA6292740FA009D9C08 /* ViewController.swift in Sources */ = {isa = PBXBuildFile; fileRef = E03BAEA5292740FA009D9C08 /* ViewController.swift */; };
		E03BAEA9292740FA009D9C08 /* Main.storyboard in Resources */ = {isa = PBXBuildFile; fileRef = E03BAEA7292740FA009D9C08 /* Main.storyboard */; };
		E03BAEAB292740FB009D9C08 /* Assets.xcassets in Resources */ = {isa = PBXBuildFile; fileRef = E03BAEAA292740FB009D9C08 /* Assets.xcassets */; };
		E03BAEAE292740FB009D9C08 /* LaunchScreen.storyboard in Resources */ = {isa = PBXBuildFile; fileRef = E03BAEAC292740FB009D9C08 /* LaunchScreen.storyboard */; };
		E03BAEB7292742CD009D9C08 /* libsqlite3.tbd in Frameworks */ = {isa = PBXBuildFile; fileRef = E03BAEB6292742CD009D9C08 /* libsqlite3.tbd */; };
		E03BAEBB292744EA009D9C08 /* DBInfo.swift in Sources */ = {isa = PBXBuildFile; fileRef = E03BAEBA292744EA009D9C08 /* DBInfo.swift */; };
		E05F9B15292B1CD400C3FAA1 /* ListViewController.swift in Sources */ = {isa = PBXBuildFile; fileRef = E05F9B14292B1CD400C3FAA1 /* ListViewController.swift */; };
		E0BE86A8292B7D820039A1A7 /* gngsLogo.png in Resources */ = {isa = PBXBuildFile; fileRef = E0BE86A7292B7D820039A1A7 /* gngsLogo.png */; };
		E0BE86AA292C63330039A1A7 /* TestViewController.swift in Sources */ = {isa = PBXBuildFile; fileRef = E0BE86A9292C63330039A1A7 /* TestViewController.swift */; };
		E0BE86AD292C94B20039A1A7 /* UpdateViewController.swift in Sources */ = {isa = PBXBuildFile; fileRef = E0BE86AC292C94B20039A1A7 /* UpdateViewController.swift */; };
		E0FADA8B2935E1CD002D6C6B /* EmployeeVO.swift in Sources */ = {isa = PBXBuildFile; fileRef = E0FADA8A2935E1CD002D6C6B /* EmployeeVO.swift */; };
		E0FADA8F2935F037002D6C6B /* dataList2.csv in Resources */ = {isa = PBXBuildFile; fileRef = E0FADA8E2935F037002D6C6B /* dataList2.csv */; };
/* End PBXBuildFile section */

/* Begin PBXFileReference section */
		E03BAE9E292740FA009D9C08 /* GngsProject.app */ = {isa = PBXFileReference; explicitFileType = wrapper.application; includeInIndex = 0; path = GngsProject.app; sourceTree = BUILT_PRODUCTS_DIR; };
		E03BAEA1292740FA009D9C08 /* AppDelegate.swift */ = {isa = PBXFileReference; lastKnownFileType = sourcecode.swift; path = AppDelegate.swift; sourceTree = "<group>"; };
		E03BAEA3292740FA009D9C08 /* SceneDelegate.swift */ = {isa = PBXFileReference; lastKnownFileType = sourcecode.swift; path = SceneDelegate.swift; sourceTree = "<group>"; };
		E03BAEA5292740FA009D9C08 /* ViewController.swift */ = {isa = PBXFileReference; lastKnownFileType = sourcecode.swift; path = ViewController.swift; sourceTree = "<group>"; };
		E03BAEA8292740FA009D9C08 /* Base */ = {isa = PBXFileReference; lastKnownFileType = file.storyboard; name = Base; path = Base.lproj/Main.storyboard; sourceTree = "<group>"; };
		E03BAEAA292740FB009D9C08 /* Assets.xcassets */ = {isa = PBXFileReference; lastKnownFileType = folder.assetcatalog; path = Assets.xcassets; sourceTree = "<group>"; };
		E03BAEAD292740FB009D9C08 /* Base */ = {isa = PBXFileReference; lastKnownFileType = file.storyboard; name = Base; path = Base.lproj/LaunchScreen.storyboard; sourceTree = "<group>"; };
		E03BAEAF292740FB009D9C08 /* Info.plist */ = {isa = PBXFileReference; lastKnownFileType = text.plist.xml; path = Info.plist; sourceTree = "<group>"; };
		E03BAEB6292742CD009D9C08 /* libsqlite3.tbd */ = {isa = PBXFileReference; lastKnownFileType = "sourcecode.text-based-dylib-definition"; name = libsqlite3.tbd; path = usr/lib/libsqlite3.tbd; sourceTree = SDKROOT; };
		E03BAEB829274335009D9C08 /* GngsProject-Bridging-Header.h */ = {isa = PBXFileReference; lastKnownFileType = sourcecode.c.h; path = "GngsProject-Bridging-Header.h"; sourceTree = "<group>"; };
		E03BAEBA292744EA009D9C08 /* DBInfo.swift */ = {isa = PBXFileReference; lastKnownFileType = sourcecode.swift; path = DBInfo.swift; sourceTree = "<group>"; };
		E05F9B14292B1CD400C3FAA1 /* ListViewController.swift */ = {isa = PBXFileReference; lastKnownFileType = sourcecode.swift; path = ListViewController.swift; sourceTree = "<group>"; };
		E0BE86A7292B7D820039A1A7 /* gngsLogo.png */ = {isa = PBXFileReference; lastKnownFileType = image.png; name = gngsLogo.png; path = ../../../../gngsLogo.png; sourceTree = "<group>"; };
		E0BE86A9292C63330039A1A7 /* TestViewController.swift */ = {isa = PBXFileReference; lastKnownFileType = sourcecode.swift; path = TestViewController.swift; sourceTree = "<group>"; };
		E0BE86AC292C94B20039A1A7 /* UpdateViewController.swift */ = {isa = PBXFileReference; lastKnownFileType = sourcecode.swift; path = UpdateViewController.swift; sourceTree = "<group>"; };
		E0FADA8A2935E1CD002D6C6B /* EmployeeVO.swift */ = {isa = PBXFileReference; lastKnownFileType = sourcecode.swift; path = EmployeeVO.swift; sourceTree = "<group>"; };
		E0FADA8E2935F037002D6C6B /* dataList2.csv */ = {isa = PBXFileReference; fileEncoding = 4; lastKnownFileType = text; name = dataList2.csv; path = ../../../../dataList2.csv; sourceTree = "<group>"; };
/* End PBXFileReference section */

/* Begin PBXFrameworksBuildPhase section */
		E03BAE9B292740FA009D9C08 /* Frameworks */ = {
			isa = PBXFrameworksBuildPhase;
			buildActionMask = 2147483647;
			files = (
				E03BAEB7292742CD009D9C08 /* libsqlite3.tbd in Frameworks */,
			);
			runOnlyForDeploymentPostprocessing = 0;
		};
/* End PBXFrameworksBuildPhase section */

/* Begin PBXGroup section */
		E03BAE95292740FA009D9C08 = {
			isa = PBXGroup;
			children = (
				E03BAEB829274335009D9C08 /* GngsProject-Bridging-Header.h */,
				E03BAEA0292740FA009D9C08 /* GngsProject */,
				E03BAE9F292740FA009D9C08 /* Products */,
				E03BAEB5292742CD009D9C08 /* Frameworks */,
			);
			sourceTree = "<group>";
		};
		E03BAE9F292740FA009D9C08 /* Products */ = {
			isa = PBXGroup;
			children = (
				E03BAE9E292740FA009D9C08 /* GngsProject.app */,
			);
			name = Products;
			sourceTree = "<group>";
		};
		E03BAEA0292740FA009D9C08 /* GngsProject */ = {
			isa = PBXGroup;
			children = (
				E0FADA892935E1AB002D6C6B /* VO */,
				E0FADA882935E17A002D6C6B /* Update */,
				E05F9B11292B0E0700C3FAA1 /* List */,
				E03BAEBC29275327009D9C08 /* Login */,
				E03BAEB92927449B009D9C08 /* DB */,
				E03BAEA1292740FA009D9C08 /* AppDelegate.swift */,
				E03BAEA3292740FA009D9C08 /* SceneDelegate.swift */,
				E03BAEA7292740FA009D9C08 /* Main.storyboard */,
				E0BE86A9292C63330039A1A7 /* TestViewController.swift */,
				E03BAEAA292740FB009D9C08 /* Assets.xcassets */,
				E03BAEAC292740FB009D9C08 /* LaunchScreen.storyboard */,
				E03BAEAF292740FB009D9C08 /* Info.plist */,
			);
			path = GngsProject;
			sourceTree = "<group>";
		};
		E03BAEB5292742CD009D9C08 /* Frameworks */ = {
			isa = PBXGroup;
			children = (
				E03BAEB6292742CD009D9C08 /* libsqlite3.tbd */,
			);
			name = Frameworks;
			sourceTree = "<group>";
		};
		E03BAEB92927449B009D9C08 /* DB */ = {
			isa = PBXGroup;
			children = (
				E03BAEBA292744EA009D9C08 /* DBInfo.swift */,
			);
			path = DB;
			sourceTree = "<group>";
		};
		E03BAEBC29275327009D9C08 /* Login */ = {
			isa = PBXGroup;
			children = (
				E0BE86A7292B7D820039A1A7 /* gngsLogo.png */,
				E03BAEA5292740FA009D9C08 /* ViewController.swift */,
			);
			path = Login;
			sourceTree = "<group>";
		};
		E05F9B11292B0E0700C3FAA1 /* List */ = {
			isa = PBXGroup;
			children = (
				E05F9B14292B1CD400C3FAA1 /* ListViewController.swift */,
			);
			path = List;
			sourceTree = "<group>";
		};
		E0FADA882935E17A002D6C6B /* Update */ = {
			isa = PBXGroup;
			children = (
				E0BE86AC292C94B20039A1A7 /* UpdateViewController.swift */,
			);
			path = Update;
			sourceTree = "<group>";
		};
		E0FADA892935E1AB002D6C6B /* VO */ = {
			isa = PBXGroup;
			children = (
				E0FADA8A2935E1CD002D6C6B /* EmployeeVO.swift */,
				E0FADA8E2935F037002D6C6B /* dataList2.csv */,
			);
			path = VO;
			sourceTree = "<group>";
		};
/* End PBXGroup section */

/* Begin PBXNativeTarget section */
		E03BAE9D292740FA009D9C08 /* GngsProject */ = {
			isa = PBXNativeTarget;
			buildConfigurationList = E03BAEB2292740FB009D9C08 /* Build configuration list for PBXNativeTarget "GngsProject" */;
			buildPhases = (
				E03BAE9A292740FA009D9C08 /* Sources */,
				E03BAE9B292740FA009D9C08 /* Frameworks */,
				E03BAE9C292740FA009D9C08 /* Resources */,
			);
			buildRules = (
			);
			dependencies = (
			);
			name = GngsProject;
			productName = GngsProject;
			productReference = E03BAE9E292740FA009D9C08 /* GngsProject.app */;
			productType = "com.apple.product-type.application";
		};
/* End PBXNativeTarget section */

/* Begin PBXProject section */
		E03BAE96292740FA009D9C08 /* Project object */ = {
			isa = PBXProject;
			attributes = {
				BuildIndependentTargetsInParallel = 1;
				LastSwiftUpdateCheck = 1340;
				LastUpgradeCheck = 1340;
				TargetAttributes = {
					E03BAE9D292740FA009D9C08 = {
						CreatedOnToolsVersion = 13.4.1;
					};
				};
			};
			buildConfigurationList = E03BAE99292740FA009D9C08 /* Build configuration list for PBXProject "GngsProject" */;
			compatibilityVersion = "Xcode 13.0";
			developmentRegion = en;
			hasScannedForEncodings = 0;
			knownRegions = (
				en,
				Base,
			);
			mainGroup = E03BAE95292740FA009D9C08;
			productRefGroup = E03BAE9F292740FA009D9C08 /* Products */;
			projectDirPath = "";
			projectRoot = "";
			targets = (
				E03BAE9D292740FA009D9C08 /* GngsProject */,
			);
		};
/* End PBXProject section */

/* Begin PBXResourcesBuildPhase section */
		E03BAE9C292740FA009D9C08 /* Resources */ = {
			isa = PBXResourcesBuildPhase;
			buildActionMask = 2147483647;
			files = (
				E03BAEAE292740FB009D9C08 /* LaunchScreen.storyboard in Resources */,
				E0FADA8F2935F037002D6C6B /* dataList2.csv in Resources */,
				E03BAEAB292740FB009D9C08 /* Assets.xcassets in Resources */,
				E03BAEA9292740FA009D9C08 /* Main.storyboard in Resources */,
				E0BE86A8292B7D820039A1A7 /* gngsLogo.png in Resources */,
			);
			runOnlyForDeploymentPostprocessing = 0;
		};
/* End PBXResourcesBuildPhase section */

/* Begin PBXSourcesBuildPhase section */
		E03BAE9A292740FA009D9C08 /* Sources */ = {
			isa = PBXSourcesBuildPhase;
			buildActionMask = 2147483647;
			files = (
				E0FADA8B2935E1CD002D6C6B /* EmployeeVO.swift in Sources */,
				E03BAEA6292740FA009D9C08 /* ViewController.swift in Sources */,
				E03BAEBB292744EA009D9C08 /* DBInfo.swift in Sources */,
				E03BAEA2292740FA009D9C08 /* AppDelegate.swift in Sources */,
				E05F9B15292B1CD400C3FAA1 /* ListViewController.swift in Sources */,
				E0BE86AA292C63330039A1A7 /* TestViewController.swift in Sources */,
				E0BE86AD292C94B20039A1A7 /* UpdateViewController.swift in Sources */,
				E03BAEA4292740FA009D9C08 /* SceneDelegate.swift in Sources */,
			);
			runOnlyForDeploymentPostprocessing = 0;
		};
/* End PBXSourcesBuildPhase section */

/* Begin PBXVariantGroup section */
		E03BAEA7292740FA009D9C08 /* Main.storyboard */ = {
			isa = PBXVariantGroup;
			children = (
				E03BAEA8292740FA009D9C08 /* Base */,
			);
			name = Main.storyboard;
			sourceTree = "<group>";
		};
		E03BAEAC292740FB009D9C08 /* LaunchScreen.storyboard */ = {
			isa = PBXVariantGroup;
			children = (
				E03BAEAD292740FB009D9C08 /* Base */,
			);
			name = LaunchScreen.storyboard;
			sourceTree = "<group>";
		};
/* End PBXVariantGroup section */

/* Begin XCBuildConfiguration section */
		E03BAEB0292740FB009D9C08 /* Debug */ = {
			isa = XCBuildConfiguration;
			buildSettings = {
				ALWAYS_SEARCH_USER_PATHS = NO;
				CLANG_ANALYZER_NONNULL = YES;
				CLANG_ANALYZER_NUMBER_OBJECT_CONVERSION = YES_AGGRESSIVE;
				CLANG_CXX_LANGUAGE_STANDARD = "gnu++17";
				CLANG_ENABLE_MODULES = YES;
				CLANG_ENABLE_OBJC_ARC = YES;
				CLANG_ENABLE_OBJC_WEAK = YES;
				CLANG_WARN_BLOCK_CAPTURE_AUTORELEASING = YES;
				CLANG_WARN_BOOL_CONVERSION = YES;
				CLANG_WARN_COMMA = YES;
				CLANG_WARN_CONSTANT_CONVERSION = YES;
				CLANG_WARN_DEPRECATED_OBJC_IMPLEMENTATIONS = YES;
				CLANG_WARN_DIRECT_OBJC_ISA_USAGE = YES_ERROR;
				CLANG_WARN_DOCUMENTATION_COMMENTS = YES;
				CLANG_WARN_EMPTY_BODY = YES;
				CLANG_WARN_ENUM_CONVERSION = YES;
				CLANG_WARN_INFINITE_RECURSION = YES;
				CLANG_WARN_INT_CONVERSION = YES;
				CLANG_WARN_NON_LITERAL_NULL_CONVERSION = YES;
				CLANG_WARN_OBJC_IMPLICIT_RETAIN_SELF = YES;
				CLANG_WARN_OBJC_LITERAL_CONVERSION = YES;
				CLANG_WARN_OBJC_ROOT_CLASS = YES_ERROR;
				CLANG_WARN_QUOTED_INCLUDE_IN_FRAMEWORK_HEADER = YES;
				CLANG_WARN_RANGE_LOOP_ANALYSIS = YES;
				CLANG_WARN_STRICT_PROTOTYPES = YES;
				CLANG_WARN_SUSPICIOUS_MOVE = YES;
				CLANG_WARN_UNGUARDED_AVAILABILITY = YES_AGGRESSIVE;
				CLANG_WARN_UNREACHABLE_CODE = YES;
				CLANG_WARN__DUPLICATE_METHOD_MATCH = YES;
				COPY_PHASE_STRIP = NO;
				DEBUG_INFORMATION_FORMAT = dwarf;
				ENABLE_STRICT_OBJC_MSGSEND = YES;
				ENABLE_TESTABILITY = YES;
				GCC_C_LANGUAGE_STANDARD = gnu11;
				GCC_DYNAMIC_NO_PIC = NO;
				GCC_NO_COMMON_BLOCKS = YES;
				GCC_OPTIMIZATION_LEVEL = 0;
				GCC_PREPROCESSOR_DEFINITIONS = (
					"DEBUG=1",
					"$(inherited)",
				);
				GCC_WARN_64_TO_32_BIT_CONVERSION = YES;
				GCC_WARN_ABOUT_RETURN_TYPE = YES_ERROR;
				GCC_WARN_UNDECLARED_SELECTOR = YES;
				GCC_WARN_UNINITIALIZED_AUTOS = YES_AGGRESSIVE;
				GCC_WARN_UNUSED_FUNCTION = YES;
				GCC_WARN_UNUSED_VARIABLE = YES;
				IPHONEOS_DEPLOYMENT_TARGET = 15.5;
				MTL_ENABLE_DEBUG_INFO = INCLUDE_SOURCE;
				MTL_FAST_MATH = YES;
				ONLY_ACTIVE_ARCH = YES;
				SDKROOT = iphoneos;
				SWIFT_ACTIVE_COMPILATION_CONDITIONS = DEBUG;
				SWIFT_OPTIMIZATION_LEVEL = "-Onone";
			};
			name = Debug;
		};
		E03BAEB1292740FB009D9C08 /* Release */ = {
			isa = XCBuildConfiguration;
			buildSettings = {
				ALWAYS_SEARCH_USER_PATHS = NO;
				CLANG_ANALYZER_NONNULL = YES;
				CLANG_ANALYZER_NUMBER_OBJECT_CONVERSION = YES_AGGRESSIVE;
				CLANG_CXX_LANGUAGE_STANDARD = "gnu++17";
				CLANG_ENABLE_MODULES = YES;
				CLANG_ENABLE_OBJC_ARC = YES;
				CLANG_ENABLE_OBJC_WEAK = YES;
				CLANG_WARN_BLOCK_CAPTURE_AUTORELEASING = YES;
				CLANG_WARN_BOOL_CONVERSION = YES;
				CLANG_WARN_COMMA = YES;
				CLANG_WARN_CONSTANT_CONVERSION = YES;
				CLANG_WARN_DEPRECATED_OBJC_IMPLEMENTATIONS = YES;
				CLANG_WARN_DIRECT_OBJC_ISA_USAGE = YES_ERROR;
				CLANG_WARN_DOCUMENTATION_COMMENTS = YES;
				CLANG_WARN_EMPTY_BODY = YES;
				CLANG_WARN_ENUM_CONVERSION = YES;
				CLANG_WARN_INFINITE_RECURSION = YES;
				CLANG_WARN_INT_CONVERSION = YES;
				CLANG_WARN_NON_LITERAL_NULL_CONVERSION = YES;
				CLANG_WARN_OBJC_IMPLICIT_RETAIN_SELF = YES;
				CLANG_WARN_OBJC_LITERAL_CONVERSION = YES;
				CLANG_WARN_OBJC_ROOT_CLASS = YES_ERROR;
				CLANG_WARN_QUOTED_INCLUDE_IN_FRAMEWORK_HEADER = YES;
				CLANG_WARN_RANGE_LOOP_ANALYSIS = YES;
				CLANG_WARN_STRICT_PROTOTYPES = YES;
				CLANG_WARN_SUSPICIOUS_MOVE = YES;
				CLANG_WARN_UNGUARDED_AVAILABILITY = YES_AGGRESSIVE;
				CLANG_WARN_UNREACHABLE_CODE = YES;
				CLANG_WARN__DUPLICATE_METHOD_MATCH = YES;
				COPY_PHASE_STRIP = NO;
				DEBUG_INFORMATION_FORMAT = "dwarf-with-dsym";
				ENABLE_NS_ASSERTIONS = NO;
				ENABLE_STRICT_OBJC_MSGSEND = YES;
				GCC_C_LANGUAGE_STANDARD = gnu11;
				GCC_NO_COMMON_BLOCKS = YES;
				GCC_WARN_64_TO_32_BIT_CONVERSION = YES;
				GCC_WARN_ABOUT_RETURN_TYPE = YES_ERROR;
				GCC_WARN_UNDECLARED_SELECTOR = YES;
				GCC_WARN_UNINITIALIZED_AUTOS = YES_AGGRESSIVE;
				GCC_WARN_UNUSED_FUNCTION = YES;
				GCC_WARN_UNUSED_VARIABLE = YES;
				IPHONEOS_DEPLOYMENT_TARGET = 15.5;
				MTL_ENABLE_DEBUG_INFO = NO;
				MTL_FAST_MATH = YES;
				SDKROOT = iphoneos;
				SWIFT_COMPILATION_MODE = wholemodule;
				SWIFT_OPTIMIZATION_LEVEL = "-O";
				VALIDATE_PRODUCT = YES;
			};
			name = Release;
		};
		E03BAEB3292740FB009D9C08 /* Debug */ = {
			isa = XCBuildConfiguration;
			buildSettings = {
				ASSETCATALOG_COMPILER_APPICON_NAME = AppIcon;
				ASSETCATALOG_COMPILER_GLOBAL_ACCENT_COLOR_NAME = AccentColor;
				CODE_SIGN_STYLE = Automatic;
				CURRENT_PROJECT_VERSION = 1;
				GENERATE_INFOPLIST_FILE = YES;
				INFOPLIST_FILE = GngsProject/Info.plist;
				INFOPLIST_KEY_UIApplicationSupportsIndirectInputEvents = YES;
				INFOPLIST_KEY_UILaunchStoryboardName = LaunchScreen;
				INFOPLIST_KEY_UIMainStoryboardFile = Main;
				INFOPLIST_KEY_UISupportedInterfaceOrientations_iPad = "UIInterfaceOrientationPortrait UIInterfaceOrientationPortraitUpsideDown UIInterfaceOrientationLandscapeLeft UIInterfaceOrientationLandscapeRight";
				INFOPLIST_KEY_UISupportedInterfaceOrientations_iPhone = "UIInterfaceOrientationPortrait UIInterfaceOrientationLandscapeLeft UIInterfaceOrientationLandscapeRight";
				LD_RUNPATH_SEARCH_PATHS = (
					"$(inherited)",
					"@executable_path/Frameworks",
				);
				MARKETING_VERSION = 1.0;
				PRODUCT_BUNDLE_IDENTIFIER = "Swift-Beginners.GngsProject";
				PRODUCT_NAME = "$(TARGET_NAME)";
				SWIFT_EMIT_LOC_STRINGS = YES;
				SWIFT_OBJC_BRIDGING_HEADER = "GngsProject-Bridging-Header.h";
				SWIFT_VERSION = 5.0;
				TARGETED_DEVICE_FAMILY = "1,2";
			};
			name = Debug;
		};
		E03BAEB4292740FB009D9C08 /* Release */ = {
			isa = XCBuildConfiguration;
			buildSettings = {
				ASSETCATALOG_COMPILER_APPICON_NAME = AppIcon;
				ASSETCATALOG_COMPILER_GLOBAL_ACCENT_COLOR_NAME = AccentColor;
				CODE_SIGN_STYLE = Automatic;
				CURRENT_PROJECT_VERSION = 1;
				GENERATE_INFOPLIST_FILE = YES;
				INFOPLIST_FILE = GngsProject/Info.plist;
				INFOPLIST_KEY_UIApplicationSupportsIndirectInputEvents = YES;
				INFOPLIST_KEY_UILaunchStoryboardName = LaunchScreen;
				INFOPLIST_KEY_UIMainStoryboardFile = Main;
				INFOPLIST_KEY_UISupportedInterfaceOrientations_iPad = "UIInterfaceOrientationPortrait UIInterfaceOrientationPortraitUpsideDown UIInterfaceOrientationLandscapeLeft UIInterfaceOrientationLandscapeRight";
				INFOPLIST_KEY_UISupportedInterfaceOrientations_iPhone = "UIInterfaceOrientationPortrait UIInterfaceOrientationLandscapeLeft UIInterfaceOrientationLandscapeRight";
				LD_RUNPATH_SEARCH_PATHS = (
					"$(inherited)",
					"@executable_path/Frameworks",
				);
				MARKETING_VERSION = 1.0;
				PRODUCT_BUNDLE_IDENTIFIER = "Swift-Beginners.GngsProject";
				PRODUCT_NAME = "$(TARGET_NAME)";
				SWIFT_EMIT_LOC_STRINGS = YES;
				SWIFT_OBJC_BRIDGING_HEADER = "GngsProject-Bridging-Header.h";
				SWIFT_VERSION = 5.0;
				TARGETED_DEVICE_FAMILY = "1,2";
			};
			name = Release;
		};
/* End XCBuildConfiguration section */

/* Begin XCConfigurationList section */
		E03BAE99292740FA009D9C08 /* Build configuration list for PBXProject "GngsProject" */ = {
			isa = XCConfigurationList;
			buildConfigurations = (
				E03BAEB0292740FB009D9C08 /* Debug */,
				E03BAEB1292740FB009D9C08 /* Release */,
			);
			defaultConfigurationIsVisible = 0;
			defaultConfigurationName = Release;
		};
		E03BAEB2292740FB009D9C08 /* Build configuration list for PBXNativeTarget "GngsProject" */ = {
			isa = XCConfigurationList;
			buildConfigurations = (
				E03BAEB3292740FB009D9C08 /* Debug */,
				E03BAEB4292740FB009D9C08 /* Release */,
			);
			defaultConfigurationIsVisible = 0;
			defaultConfigurationName = Release;
		};
/* End XCConfigurationList section */
	};
	rootObject = E03BAE96292740FA009D9C08 /* Project object */;
}
